// !$*UTF8*$!
{
	archiveVersion = 1;
	classes = {
	};
	objectVersion = 46;
	objects = {

/* Begin PBXBuildFile section */
		5910412D19E2021D00322EE0 /* AppDelegate.swift in Sources */ = {isa = PBXBuildFile; fileRef = 5910412C19E2021D00322EE0 /* AppDelegate.swift */; };
		5910412F19E2021D00322EE0 /* ViewController.swift in Sources */ = {isa = PBXBuildFile; fileRef = 5910412E19E2021D00322EE0 /* ViewController.swift */; };
		5910413219E2021D00322EE0 /* Main.storyboard in Resources */ = {isa = PBXBuildFile; fileRef = 5910413019E2021D00322EE0 /* Main.storyboard */; };
		5910413419E2021D00322EE0 /* Images.xcassets in Resources */ = {isa = PBXBuildFile; fileRef = 5910413319E2021D00322EE0 /* Images.xcassets */; };
		5910413719E2021D00322EE0 /* LaunchScreen.xib in Resources */ = {isa = PBXBuildFile; fileRef = 5910413519E2021D00322EE0 /* LaunchScreen.xib */; };
		5910414319E2021E00322EE0 /* FacebookTests.swift in Sources */ = {isa = PBXBuildFile; fileRef = 5910414219E2021E00322EE0 /* FacebookTests.swift */; };
		5910414D19E2075300322EE0 /* FeedViewController.swift in Sources */ = {isa = PBXBuildFile; fileRef = 5910414C19E2075300322EE0 /* FeedViewController.swift */; };
		5910414F19E20A6200322EE0 /* MoreViewController.swift in Sources */ = {isa = PBXBuildFile; fileRef = 5910414E19E20A6200322EE0 /* MoreViewController.swift */; };
		5910415119E20A6D00322EE0 /* NotificationsViewController.swift in Sources */ = {isa = PBXBuildFile; fileRef = 5910415019E20A6D00322EE0 /* NotificationsViewController.swift */; };
		5910415319E20A7500322EE0 /* MessagesViewController.swift in Sources */ = {isa = PBXBuildFile; fileRef = 5910415219E20A7500322EE0 /* MessagesViewController.swift */; };
		5910415719E20A8800322EE0 /* SignInViewController.swift in Sources */ = {isa = PBXBuildFile; fileRef = 5910415619E20A8800322EE0 /* SignInViewController.swift */; };
		59B5566119E21FA400CF1253 /* PeopleViewController.swift in Sources */ = {isa = PBXBuildFile; fileRef = 59B5566019E21FA400CF1253 /* PeopleViewController.swift */; };
		59B5566519E22EDB00CF1253 /* PhotoViewController.swift in Sources */ = {isa = PBXBuildFile; fileRef = 59B5566419E22EDB00CF1253 /* PhotoViewController.swift */; };
/* End PBXBuildFile section */

/* Begin PBXContainerItemProxy section */
		5910413D19E2021E00322EE0 /* PBXContainerItemProxy */ = {
			isa = PBXContainerItemProxy;
			containerPortal = 5910411F19E2021D00322EE0 /* Project object */;
			proxyType = 1;
			remoteGlobalIDString = 5910412619E2021D00322EE0;
			remoteInfo = Facebook;
		};
/* End PBXContainerItemProxy section */

/* Begin PBXFileReference section */
		5910412719E2021D00322EE0 /* Facebook.app */ = {isa = PBXFileReference; explicitFileType = wrapper.application; includeInIndex = 0; path = Facebook.app; sourceTree = BUILT_PRODUCTS_DIR; };
		5910412B19E2021D00322EE0 /* Info.plist */ = {isa = PBXFileReference; lastKnownFileType = text.plist.xml; path = Info.plist; sourceTree = "<group>"; };
		5910412C19E2021D00322EE0 /* AppDelegate.swift */ = {isa = PBXFileReference; lastKnownFileType = sourcecode.swift; path = AppDelegate.swift; sourceTree = "<group>"; };
		5910412E19E2021D00322EE0 /* ViewController.swift */ = {isa = PBXFileReference; lastKnownFileType = sourcecode.swift; path = ViewController.swift; sourceTree = "<group>"; };
		5910413119E2021D00322EE0 /* Base */ = {isa = PBXFileReference; lastKnownFileType = file.storyboard; name = Base; path = Base.lproj/Main.storyboard; sourceTree = "<group>"; };
		5910413319E2021D00322EE0 /* Images.xcassets */ = {isa = PBXFileReference; lastKnownFileType = folder.assetcatalog; path = Images.xcassets; sourceTree = "<group>"; };
		5910413619E2021D00322EE0 /* Base */ = {isa = PBXFileReference; lastKnownFileType = file.xib; name = Base; path = Base.lproj/LaunchScreen.xib; sourceTree = "<group>"; };
		5910413C19E2021E00322EE0 /* FacebookTests.xctest */ = {isa = PBXFileReference; explicitFileType = wrapper.cfbundle; includeInIndex = 0; path = FacebookTests.xctest; sourceTree = BUILT_PRODUCTS_DIR; };
		5910414119E2021E00322EE0 /* Info.plist */ = {isa = PBXFileReference; lastKnownFileType = text.plist.xml; path = Info.plist; sourceTree = "<group>"; };
		5910414219E2021E00322EE0 /* FacebookTests.swift */ = {isa = PBXFileReference; lastKnownFileType = sourcecode.swift; path = FacebookTests.swift; sourceTree = "<group>"; };
		5910414C19E2075300322EE0 /* FeedViewController.swift */ = {isa = PBXFileReference; fileEncoding = 4; lastKnownFileType = sourcecode.swift; path = FeedViewController.swift; sourceTree = "<group>"; };
		5910414E19E20A6200322EE0 /* MoreViewController.swift */ = {isa = PBXFileReference; fileEncoding = 4; lastKnownFileType = sourcecode.swift; path = MoreViewController.swift; sourceTree = "<group>"; };
		5910415019E20A6D00322EE0 /* NotificationsViewController.swift */ = {isa = PBXFileReference; fileEncoding = 4; lastKnownFileType = sourcecode.swift; path = NotificationsViewController.swift; sourceTree = "<group>"; };
		5910415219E20A7500322EE0 /* MessagesViewController.swift */ = {isa = PBXFileReference; fileEncoding = 4; lastKnownFileType = sourcecode.swift; path = MessagesViewController.swift; sourceTree = "<group>"; };
		5910415619E20A8800322EE0 /* SignInViewController.swift */ = {isa = PBXFileReference; fileEncoding = 4; lastKnownFileType = sourcecode.swift; path = SignInViewController.swift; sourceTree = "<group>"; };
		59B5566019E21FA400CF1253 /* PeopleViewController.swift */ = {isa = PBXFileReference; fileEncoding = 4; lastKnownFileType = sourcecode.swift; path = PeopleViewController.swift; sourceTree = "<group>"; };
		59B5566419E22EDB00CF1253 /* PhotoViewController.swift */ = {isa = PBXFileReference; fileEncoding = 4; lastKnownFileType = sourcecode.swift; path = PhotoViewController.swift; sourceTree = "<group>"; };
/* End PBXFileReference section */

/* Begin PBXFrameworksBuildPhase section */
		5910412419E2021D00322EE0 /* Frameworks */ = {
			isa = PBXFrameworksBuildPhase;
			buildActionMask = 2147483647;
			files = (
			);
			runOnlyForDeploymentPostprocessing = 0;
		};
		5910413919E2021E00322EE0 /* Frameworks */ = {
			isa = PBXFrameworksBuildPhase;
			buildActionMask = 2147483647;
			files = (
			);
			runOnlyForDeploymentPostprocessing = 0;
		};
/* End PBXFrameworksBuildPhase section */

/* Begin PBXGroup section */
		5910411E19E2021D00322EE0 = {
			isa = PBXGroup;
			children = (
				5910412919E2021D00322EE0 /* Facebook */,
				5910413F19E2021E00322EE0 /* FacebookTests */,
				5910412819E2021D00322EE0 /* Products */,
			);
			sourceTree = "<group>";
		};
		5910412819E2021D00322EE0 /* Products */ = {
			isa = PBXGroup;
			children = (
				5910412719E2021D00322EE0 /* Facebook.app */,
				5910413C19E2021E00322EE0 /* FacebookTests.xctest */,
			);
			name = Products;
			sourceTree = "<group>";
		};
		5910412919E2021D00322EE0 /* Facebook */ = {
			isa = PBXGroup;
			children = (
				5910412C19E2021D00322EE0 /* AppDelegate.swift */,
				5910412E19E2021D00322EE0 /* ViewController.swift */,
				5910413019E2021D00322EE0 /* Main.storyboard */,
				59B5566419E22EDB00CF1253 /* PhotoViewController.swift */,
				59B5566019E21FA400CF1253 /* PeopleViewController.swift */,
				5910414E19E20A6200322EE0 /* MoreViewController.swift */,
				5910415019E20A6D00322EE0 /* NotificationsViewController.swift */,
				5910415219E20A7500322EE0 /* MessagesViewController.swift */,
				5910415619E20A8800322EE0 /* SignInViewController.swift */,
				5910414C19E2075300322EE0 /* FeedViewController.swift */,
				5910413319E2021D00322EE0 /* Images.xcassets */,
				5910413519E2021D00322EE0 /* LaunchScreen.xib */,
				5910412A19E2021D00322EE0 /* Supporting Files */,
			);
			path = Facebook;
			sourceTree = "<group>";
		};
		5910412A19E2021D00322EE0 /* Supporting Files */ = {
			isa = PBXGroup;
			children = (
				5910412B19E2021D00322EE0 /* Info.plist */,
			);
			name = "Supporting Files";
			sourceTree = "<group>";
		};
		5910413F19E2021E00322EE0 /* FacebookTests */ = {
			isa = PBXGroup;
			children = (
				5910414219E2021E00322EE0 /* FacebookTests.swift */,
				5910414019E2021E00322EE0 /* Supporting Files */,
			);
			path = FacebookTests;
			sourceTree = "<group>";
		};
		5910414019E2021E00322EE0 /* Supporting Files */ = {
			isa = PBXGroup;
			children = (
				5910414119E2021E00322EE0 /* Info.plist */,
			);
			name = "Supporting Files";
			sourceTree = "<group>";
		};
/* End PBXGroup section */

/* Begin PBXNativeTarget section */
		5910412619E2021D00322EE0 /* Facebook */ = {
			isa = PBXNativeTarget;
			buildConfigurationList = 5910414619E2021E00322EE0 /* Build configuration list for PBXNativeTarget "Facebook" */;
			buildPhases = (
				5910412319E2021D00322EE0 /* Sources */,
				5910412419E2021D00322EE0 /* Frameworks */,
				5910412519E2021D00322EE0 /* Resources */,
			);
			buildRules = (
			);
			dependencies = (
			);
			name = Facebook;
			productName = Facebook;
			productReference = 5910412719E2021D00322EE0 /* Facebook.app */;
			productType = "com.apple.product-type.application";
		};
		5910413B19E2021E00322EE0 /* FacebookTests */ = {
			isa = PBXNativeTarget;
			buildConfigurationList = 5910414919E2021E00322EE0 /* Build configuration list for PBXNativeTarget "FacebookTests" */;
			buildPhases = (
				5910413819E2021E00322EE0 /* Sources */,
				5910413919E2021E00322EE0 /* Frameworks */,
				5910413A19E2021E00322EE0 /* Resources */,
			);
			buildRules = (
			);
			dependencies = (
				5910413E19E2021E00322EE0 /* PBXTargetDependency */,
			);
			name = FacebookTests;
			productName = FacebookTests;
			productReference = 5910413C19E2021E00322EE0 /* FacebookTests.xctest */;
			productType = "com.apple.product-type.bundle.unit-test";
		};
/* End PBXNativeTarget section */

/* Begin PBXProject section */
		5910411F19E2021D00322EE0 /* Project object */ = {
			isa = PBXProject;
			attributes = {
				LastUpgradeCheck = 0600;
				ORGANIZATIONNAME = "David Bellona";
				TargetAttributes = {
					5910412619E2021D00322EE0 = {
						CreatedOnToolsVersion = 6.0;
					};
					5910413B19E2021E00322EE0 = {
						CreatedOnToolsVersion = 6.0;
						TestTargetID = 5910412619E2021D00322EE0;
					};
				};
			};
			buildConfigurationList = 5910412219E2021D00322EE0 /* Build configuration list for PBXProject "Facebook" */;
			compatibilityVersion = "Xcode 3.2";
			developmentRegion = English;
			hasScannedForEncodings = 0;
			knownRegions = (
				en,
				Base,
			);
			mainGroup = 5910411E19E2021D00322EE0;
			productRefGroup = 5910412819E2021D00322EE0 /* Products */;
			projectDirPath = "";
			projectRoot = "";
			targets = (
				5910412619E2021D00322EE0 /* Facebook */,
				5910413B19E2021E00322EE0 /* FacebookTests */,
			);
		};
/* End PBXProject section */

/* Begin PBXResourcesBuildPhase section */
		5910412519E2021D00322EE0 /* Resources */ = {
			isa = PBXResourcesBuildPhase;
			buildActionMask = 2147483647;
			files = (
				5910413219E2021D00322EE0 /* Main.storyboard in Resources */,
				5910413719E2021D00322EE0 /* LaunchScreen.xib in Resources */,
				5910413419E2021D00322EE0 /* Images.xcassets in Resources */,
			);
			runOnlyForDeploymentPostprocessing = 0;
		};
		5910413A19E2021E00322EE0 /* Resources */ = {
			isa = PBXResourcesBuildPhase;
			buildActionMask = 2147483647;
			files = (
			);
			runOnlyForDeploymentPostprocessing = 0;
		};
/* End PBXResourcesBuildPhase section */

/* Begin PBXSourcesBuildPhase section */
		5910412319E2021D00322EE0 /* Sources */ = {
			isa = PBXSourcesBuildPhase;
			buildActionMask = 2147483647;
			files = (
				5910415319E20A7500322EE0 /* MessagesViewController.swift in Sources */,
				59B5566119E21FA400CF1253 /* PeopleViewController.swift in Sources */,
				5910415119E20A6D00322EE0 /* NotificationsViewController.swift in Sources */,
				5910412F19E2021D00322EE0 /* ViewController.swift in Sources */,
				5910415719E20A8800322EE0 /* SignInViewController.swift in Sources */,
				59B5566519E22EDB00CF1253 /* PhotoViewController.swift in Sources */,
				5910414F19E20A6200322EE0 /* MoreViewController.swift in Sources */,
				5910414D19E2075300322EE0 /* FeedViewController.swift in Sources */,
				5910412D19E2021D00322EE0 /* AppDelegate.swift in Sources */,
			);
			runOnlyForDeploymentPostprocessing = 0;
		};
		5910413819E2021E00322EE0 /* Sources */ = {
			isa = PBXSourcesBuildPhase;
			buildActionMask = 2147483647;
			files = (
				5910414319E2021E00322EE0 /* FacebookTests.swift in Sources */,
			);
			runOnlyForDeploymentPostprocessing = 0;
		};
/* End PBXSourcesBuildPhase section */

/* Begin PBXTargetDependency section */
		5910413E19E2021E00322EE0 /* PBXTargetDependency */ = {
			isa = PBXTargetDependency;
			target = 5910412619E2021D00322EE0 /* Facebook */;
			targetProxy = 5910413D19E2021E00322EE0 /* PBXContainerItemProxy */;
		};
/* End PBXTargetDependency section */

/* Begin PBXVariantGroup section */
		5910413019E2021D00322EE0 /* Main.storyboard */ = {
			isa = PBXVariantGroup;
			children = (
				5910413119E2021D00322EE0 /* Base */,
			);
			name = Main.storyboard;
			sourceTree = "<group>";
		};
		5910413519E2021D00322EE0 /* LaunchScreen.xib */ = {
			isa = PBXVariantGroup;
			children = (
				5910413619E2021D00322EE0 /* Base */,
			);
			name = LaunchScreen.xib;
			sourceTree = "<group>";
		};
/* End PBXVariantGroup section */

/* Begin XCBuildConfiguration section */
		5910414419E2021E00322EE0 /* Debug */ = {
			isa = XCBuildConfiguration;
			buildSettings = {
				ALWAYS_SEARCH_USER_PATHS = NO;
				CLANG_CXX_LANGUAGE_STANDARD = "gnu++0x";
				CLANG_CXX_LIBRARY = "libc++";
				CLANG_ENABLE_MODULES = YES;
				CLANG_ENABLE_OBJC_ARC = YES;
				CLANG_WARN_BOOL_CONVERSION = YES;
				CLANG_WARN_CONSTANT_CONVERSION = YES;
				CLANG_WARN_DIRECT_OBJC_ISA_USAGE = YES_ERROR;
				CLANG_WARN_EMPTY_BODY = YES;
				CLANG_WARN_ENUM_CONVERSION = YES;
				CLANG_WARN_INT_CONVERSION = YES;
				CLANG_WARN_OBJC_ROOT_CLASS = YES_ERROR;
				CLANG_WARN_UNREACHABLE_CODE = YES;
				CLANG_WARN__DUPLICATE_METHOD_MATCH = YES;
				"CODE_SIGN_IDENTITY[sdk=iphoneos*]" = "iPhone Developer";
				COPY_PHASE_STRIP = NO;
				ENABLE_STRICT_OBJC_MSGSEND = YES;
				GCC_C_LANGUAGE_STANDARD = gnu99;
				GCC_DYNAMIC_NO_PIC = NO;
				GCC_OPTIMIZATION_LEVEL = 0;
				GCC_PREPROCESSOR_DEFINITIONS = (
					"DEBUG=1",
					"$(inherited)",
				);
				GCC_SYMBOLS_PRIVATE_EXTERN = NO;
				GCC_WARN_64_TO_32_BIT_CONVERSION = YES;
				GCC_WARN_ABOUT_RETURN_TYPE = YES_ERROR;
				GCC_WARN_UNDECLARED_SELECTOR = YES;
				GCC_WARN_UNINITIALIZED_AUTOS = YES_AGGRESSIVE;
				GCC_WARN_UNUSED_FUNCTION = YES;
				GCC_WARN_UNUSED_VARIABLE = YES;
				IPHONEOS_DEPLOYMENT_TARGET = 8.0;
				MTL_ENABLE_DEBUG_INFO = YES;
				ONLY_ACTIVE_ARCH = YES;
				SDKROOT = iphoneos;
				SWIFT_OPTIMIZATION_LEVEL = "-Onone";
			};
			name = Debug;
		};
		5910414519E2021E00322EE0 /* Release */ = {
			isa = XCBuildConfiguration;
			buildSettings = {
				ALWAYS_SEARCH_USER_PATHS = NO;
				CLANG_CXX_LANGUAGE_STANDARD = "gnu++0x";
				CLANG_CXX_LIBRARY = "libc++";
				CLANG_ENABLE_MODULES = YES;
				CLANG_ENABLE_OBJC_ARC = YES;
				CLANG_WARN_BOOL_CONVERSION = YES;
				CLANG_WARN_CONSTANT_CONVERSION = YES;
				CLANG_WARN_DIRECT_OBJC_ISA_USAGE = YES_ERROR;
				CLANG_WARN_EMPTY_BODY = YES;
				CLANG_WARN_ENUM_CONVERSION = YES;
				CLANG_WARN_INT_CONVERSION = YES;
				CLANG_WARN_OBJC_ROOT_CLASS = YES_ERROR;
				CLANG_WARN_UNREACHABLE_CODE = YES;
				CLANG_WARN__DUPLICATE_METHOD_MATCH = YES;
				"CODE_SIGN_IDENTITY[sdk=iphoneos*]" = "iPhone Developer";
				COPY_PHASE_STRIP = YES;
				ENABLE_NS_ASSERTIONS = NO;
				ENABLE_STRICT_OBJC_MSGSEND = YES;
				GCC_C_LANGUAGE_STANDARD = gnu99;
				GCC_WARN_64_TO_32_BIT_CONVERSION = YES;
				GCC_WARN_ABOUT_RETURN_TYPE = YES_ERROR;
				GCC_WARN_UNDECLARED_SELECTOR = YES;
				GCC_WARN_UNINITIALIZED_AUTOS = YES_AGGRESSIVE;
				GCC_WARN_UNUSED_FUNCTION = YES;
				GCC_WARN_UNUSED_VARIABLE = YES;
				IPHONEOS_DEPLOYMENT_TARGET = 8.0;
				MTL_ENABLE_DEBUG_INFO = NO;
				SDKROOT = iphoneos;
				VALIDATE_PRODUCT = YES;
			};
			name = Release;
		};
		5910414719E2021E00322EE0 /* Debug */ = {
			isa = XCBuildConfiguration;
			buildSettings = {
				ASSETCATALOG_COMPILER_APPICON_NAME = AppIcon;
				INFOPLIST_FILE = Facebook/Info.plist;
				LD_RUNPATH_SEARCH_PATHS = "$(inherited) @executable_path/Frameworks";
				PRODUCT_NAME = "$(TARGET_NAME)";
			};
			name = Debug;
		};
		5910414819E2021E00322EE0 /* Release */ = {
			isa = XCBuildConfiguration;
			buildSettings = {
				ASSETCATALOG_COMPILER_APPICON_NAME = AppIcon;
				INFOPLIST_FILE = Facebook/Info.plist;
				LD_RUNPATH_SEARCH_PATHS = "$(inherited) @executable_path/Frameworks";
				PRODUCT_NAME = "$(TARGET_NAME)";
			};
			name = Release;
		};
		5910414A19E2021E00322EE0 /* Debug */ = {
			isa = XCBuildConfiguration;
			buildSettings = {
				BUNDLE_LOADER = "$(TEST_HOST)";
				FRAMEWORK_SEARCH_PATHS = (
					"$(SDKROOT)/Developer/Library/Frameworks",
					"$(inherited)",
				);
				GCC_PREPROCESSOR_DEFINITIONS = (
					"DEBUG=1",
					"$(inherited)",
				);
				INFOPLIST_FILE = FacebookTests/Info.plist;
				LD_RUNPATH_SEARCH_PATHS = "$(inherited) @executable_path/Frameworks @loader_path/Frameworks";
				PRODUCT_NAME = "$(TARGET_NAME)";
				TEST_HOST = "$(BUILT_PRODUCTS_DIR)/Facebook.app/Facebook";
			};
			name = Debug;
		};
		5910414B19E2021E00322EE0 /* Release */ = {
			isa = XCBuildConfiguration;
			buildSettings = {
				BUNDLE_LOADER = "$(TEST_HOST)";
				FRAMEWORK_SEARCH_PATHS = (
					"$(SDKROOT)/Developer/Library/Frameworks",
					"$(inherited)",
				);
				INFOPLIST_FILE = FacebookTests/Info.plist;
				LD_RUNPATH_SEARCH_PATHS = "$(inherited) @executable_path/Frameworks @loader_path/Frameworks";
				PRODUCT_NAME = "$(TARGET_NAME)";
				TEST_HOST = "$(BUILT_PRODUCTS_DIR)/Facebook.app/Facebook";
			};
			name = Release;
		};
/* End XCBuildConfiguration section */

/* Begin XCConfigurationList section */
		5910412219E2021D00322EE0 /* Build configuration list for PBXProject "Facebook" */ = {
			isa = XCConfigurationList;
			buildConfigurations = (
				5910414419E2021E00322EE0 /* Debug */,
				5910414519E2021E00322EE0 /* Release */,
			);
			defaultConfigurationIsVisible = 0;
			defaultConfigurationName = Release;
		};
		5910414619E2021E00322EE0 /* Build configuration list for PBXNativeTarget "Facebook" */ = {
			isa = XCConfigurationList;
			buildConfigurations = (
				5910414719E2021E00322EE0 /* Debug */,
				5910414819E2021E00322EE0 /* Release */,
			);
			defaultConfigurationIsVisible = 0;
			defaultConfigurationName = Release;
		};
		5910414919E2021E00322EE0 /* Build configuration list for PBXNativeTarget "FacebookTests" */ = {
			isa = XCConfigurationList;
			buildConfigurations = (
				5910414A19E2021E00322EE0 /* Debug */,
				5910414B19E2021E00322EE0 /* Release */,
			);
			defaultConfigurationIsVisible = 0;
			defaultConfigurationName = Release;
		};
/* End XCConfigurationList section */
	};
	rootObject = 5910411F19E2021D00322EE0 /* Project object */;
}
